
Microsoft Visual Studio Solution File, Format Version 12.00
# Visual Studio Version 16
VisualStudioVersion = 16.0.31624.102
MinimumVisualStudioVersion = 10.0.40219.1
Project("{FAE04EC0-301F-11D3-BF4B-00C04F79EFBC}") = "Variables", "Variables\Variables.csproj", "{757C6CED-1F61-4BA3-912C-8EEE1198CCAA}"
EndProject
Global
	GlobalSection(SolutionConfigurationPlatforms) = preSolution
		Debug|Any CPU = Debug|Any CPU
		Release|Any CPU = Release|Any CPU
	EndGlobalSection
	GlobalSection(ProjectConfigurationPlatforms) = postSolution
		{757C6CED-1F61-4BA3-912C-8EEE1198CCAA}.Debug|Any CPU.ActiveCfg = Debug|Any CPU
		{757C6CED-1F61-4BA3-912C-8EEE1198CCAA}.Debug|Any CPU.Build.0 = Debug|Any CPU
		{757C6CED-1F61-4BA3-912C-8EEE1198CCAA}.Release|Any CPU.ActiveCfg = Release|Any CPU
		{757C6CED-1F61-4BA3-912C-8EEE1198CCAA}.Release|Any CPU.Build.0 = Release|Any CPU
	EndGlobalSection
	GlobalSection(SolutionProperties) = preSolution
		HideSolutionNode = FALSE
	EndGlobalSection
	GlobalSection(ExtensibilityGlobals) = postSolution
		SolutionGuid = {6B001258-3EB4-4B20-AF13-9A2B88461B88}
	EndGlobalSection
EndGlobal
